# THIS IS AN AUTOGENERATED FILE. DO NOT EDIT THIS FILE DIRECTLY.
# yarn lockfile v1


focus-options-polyfill@^1.6.0:
  version "1.6.0"
  resolved "https://registry.yarnpkg.com/focus-options-polyfill/-/focus-options-polyfill-1.6.0.tgz#12ef3081dae9801d32dfcffd7b69259ca8f57198"
  integrity sha512-uyrAmLZrPnUItQY5wTdg31TO9GGZRGsh/jmohUg9oLmLi/sw5y7LlTV/mwyd6rvbxIOGwmRiv6LcTS8w7Bk9NQ==

scroll-behavior-polyfill@^2.0.13:
  version "2.0.13"
  resolved "https://registry.yarnpkg.com/scroll-behavior-polyfill/-/scroll-behavior-polyfill-2.0.13.tgz#f6f4db9eecdb94d5744b85b653440602fcf3b24b"
  integrity sha512-X1AC6+k0++Y3XOT8Likr5Dh4XMmwvbTolr3Mp2g1jYPpOQ3++wff/JPfPEK6zqPCkZ88Ac0/OMRW/Uwh16U+HQ==
